
Microsoft Visual Studio Solution File, Format Version 12.00
# Visual Studio Version 17
VisualStudioVersion = 17.9.34622.214
MinimumVisualStudioVersion = 10.0.40219.1
Project("{2150E333-8FDC-42A3-9474-1A3956D46DE8}") = "FrontEnd", "FrontEnd", "{CE2FF491-14E8-4350-BD3F-CD905A06B4CF}"
EndProject
Project("{2150E333-8FDC-42A3-9474-1A3956D46DE8}") = "Gateway", "Gateway", "{E737DB16-9FCA-400D-9BAC-79862E54852B}"
EndProject
Project("{2150E333-8FDC-42A3-9474-1A3956D46DE8}") = "Integration", "Integration", "{A57D2C85-4822-48B5-94CC-C24DD4E0CEC6}"
EndProject
Project("{2150E333-8FDC-42A3-9474-1A3956D46DE8}") = "Services", "Services", "{2DF5C42B-9943-4577-85AC-6CFD37E02F8C}"
EndProject
Project("{9A19103F-16F7-4668-BE54-9A1E7A4F7556}") = "Mango.Services.CouponAPI", "Mango.Services.CouponAPI\Mango.Services.CouponAPI.csproj", "{44F2223C-2E98-4A1A-B171-05C6B3DCD7B7}"
EndProject
Project("{9A19103F-16F7-4668-BE54-9A1E7A4F7556}") = "Mango.Web", "Mango.Web\Mango.Web.csproj", "{F01CE865-50B9-42F5-BCE4-EE79E0EF07B2}"
EndProject
Project("{9A19103F-16F7-4668-BE54-9A1E7A4F7556}") = "Mango.Services.AuthAPI", "Mango.Services.AuthAPI\Mango.Services.AuthAPI.csproj", "{24C9F315-4D0E-4794-9FFA-3B29C6A18944}"
EndProject
Project("{FAE04EC0-301F-11D3-BF4B-00C04F79EFBC}") = "Mango.GatewaySolution", "Mango.GatewaySolution\Mango.GatewaySolution.csproj", "{7036814D-311A-412B-AB4C-62F3CEBED733}"
EndProject
Project("{FAE04EC0-301F-11D3-BF4B-00C04F79EFBC}") = "Mango.MessageBus", "Mango.MessageBus\Mango.MessageBus.csproj", "{D621CE3E-66DB-4B47-B5D7-6360A9916B3D}"
EndProject
Project("{FAE04EC0-301F-11D3-BF4B-00C04F79EFBC}") = "Mango.Services.EmailAPI", "Mango.Services.EmailAPI\Mango.Services.EmailAPI.csproj", "{EE0D35E8-4FB2-4B72-B762-600E082E2CAB}"
EndProject
Project("{FAE04EC0-301F-11D3-BF4B-00C04F79EFBC}") = "Mango.Services.OrderAPI", "Mango.Services.OrderAPI\Mango.Services.OrderAPI.csproj", "{369F840B-56E9-47E4-A0E4-36B40A5AB779}"
EndProject
Project("{FAE04EC0-301F-11D3-BF4B-00C04F79EFBC}") = "Mango.Services.ProductAPI", "Mango.Services.ProductAPI\Mango.Services.ProductAPI.csproj", "{EC56DD63-CBA5-4151-946A-7F5A426A3DE2}"
EndProject
Project("{FAE04EC0-301F-11D3-BF4B-00C04F79EFBC}") = "Mango.Services.RewardAPI", "Mango.Services.RewardAPI\Mango.Services.RewardAPI.csproj", "{4EA4085A-DB4F-4473-B35A-4900C31E99C7}"
EndProject
Project("{FAE04EC0-301F-11D3-BF4B-00C04F79EFBC}") = "Mango.Services.ShoppingCartAPI", "Mango.Services.ShoppingCartAPI\Mango.Services.ShoppingCartAPI.csproj", "{AD17FC81-59FC-4394-8DBA-B72365B3C20E}"
EndProject
Global
	GlobalSection(SolutionConfigurationPlatforms) = preSolution
		Debug|Any CPU = Debug|Any CPU
		Release|Any CPU = Release|Any CPU
	EndGlobalSection
	GlobalSection(ProjectConfigurationPlatforms) = postSolution
		{44F2223C-2E98-4A1A-B171-05C6B3DCD7B7}.Debug|Any CPU.ActiveCfg = Debug|Any CPU
		{44F2223C-2E98-4A1A-B171-05C6B3DCD7B7}.Debug|Any CPU.Build.0 = Debug|Any CPU
		{44F2223C-2E98-4A1A-B171-05C6B3DCD7B7}.Release|Any CPU.ActiveCfg = Release|Any CPU
		{44F2223C-2E98-4A1A-B171-05C6B3DCD7B7}.Release|Any CPU.Build.0 = Release|Any CPU
		{F01CE865-50B9-42F5-BCE4-EE79E0EF07B2}.Debug|Any CPU.ActiveCfg = Debug|Any CPU
		{F01CE865-50B9-42F5-BCE4-EE79E0EF07B2}.Debug|Any CPU.Build.0 = Debug|Any CPU
		{F01CE865-50B9-42F5-BCE4-EE79E0EF07B2}.Release|Any CPU.ActiveCfg = Release|Any CPU
		{F01CE865-50B9-42F5-BCE4-EE79E0EF07B2}.Release|Any CPU.Build.0 = Release|Any CPU
		{24C9F315-4D0E-4794-9FFA-3B29C6A18944}.Debug|Any CPU.ActiveCfg = Debug|Any CPU
		{24C9F315-4D0E-4794-9FFA-3B29C6A18944}.Debug|Any CPU.Build.0 = Debug|Any CPU
		{24C9F315-4D0E-4794-9FFA-3B29C6A18944}.Release|Any CPU.ActiveCfg = Release|Any CPU
		{24C9F315-4D0E-4794-9FFA-3B29C6A18944}.Release|Any CPU.Build.0 = Release|Any CPU
		{7036814D-311A-412B-AB4C-62F3CEBED733}.Debug|Any CPU.ActiveCfg = Debug|Any CPU
		{7036814D-311A-412B-AB4C-62F3CEBED733}.Debug|Any CPU.Build.0 = Debug|Any CPU
		{7036814D-311A-412B-AB4C-62F3CEBED733}.Release|Any CPU.ActiveCfg = Release|Any CPU
		{7036814D-311A-412B-AB4C-62F3CEBED733}.Release|Any CPU.Build.0 = Release|Any CPU
		{D621CE3E-66DB-4B47-B5D7-6360A9916B3D}.Debug|Any CPU.ActiveCfg = Debug|Any CPU
		{D621CE3E-66DB-4B47-B5D7-6360A9916B3D}.Debug|Any CPU.Build.0 = Debug|Any CPU
		{D621CE3E-66DB-4B47-B5D7-6360A9916B3D}.Release|Any CPU.ActiveCfg = Release|Any CPU
		{D621CE3E-66DB-4B47-B5D7-6360A9916B3D}.Release|Any CPU.Build.0 = Release|Any CPU
		{EE0D35E8-4FB2-4B72-B762-600E082E2CAB}.Debug|Any CPU.ActiveCfg = Debug|Any CPU
		{EE0D35E8-4FB2-4B72-B762-600E082E2CAB}.Debug|Any CPU.Build.0 = Debug|Any CPU
		{EE0D35E8-4FB2-4B72-B762-600E082E2CAB}.Release|Any CPU.ActiveCfg = Release|Any CPU
		{EE0D35E8-4FB2-4B72-B762-600E082E2CAB}.Release|Any CPU.Build.0 = Release|Any CPU
		{369F840B-56E9-47E4-A0E4-36B40A5AB779}.Debug|Any CPU.ActiveCfg = Debug|Any CPU
		{369F840B-56E9-47E4-A0E4-36B40A5AB779}.Debug|Any CPU.Build.0 = Debug|Any CPU
		{369F840B-56E9-47E4-A0E4-36B40A5AB779}.Release|Any CPU.ActiveCfg = Release|Any CPU
		{369F840B-56E9-47E4-A0E4-36B40A5AB779}.Release|Any CPU.Build.0 = Release|Any CPU
		{EC56DD63-CBA5-4151-946A-7F5A426A3DE2}.Debug|Any CPU.ActiveCfg = Debug|Any CPU
		{EC56DD63-CBA5-4151-946A-7F5A426A3DE2}.Debug|Any CPU.Build.0 = Debug|Any CPU
		{EC56DD63-CBA5-4151-946A-7F5A426A3DE2}.Release|Any CPU.ActiveCfg = Release|Any CPU
		{EC56DD63-CBA5-4151-946A-7F5A426A3DE2}.Release|Any CPU.Build.0 = Release|Any CPU
		{4EA4085A-DB4F-4473-B35A-4900C31E99C7}.Debug|Any CPU.ActiveCfg = Debug|Any CPU
		{4EA4085A-DB4F-4473-B35A-4900C31E99C7}.Debug|Any CPU.Build.0 = Debug|Any CPU
		{4EA4085A-DB4F-4473-B35A-4900C31E99C7}.Release|Any CPU.ActiveCfg = Release|Any CPU
		{4EA4085A-DB4F-4473-B35A-4900C31E99C7}.Release|Any CPU.Build.0 = Release|Any CPU
		{AD17FC81-59FC-4394-8DBA-B72365B3C20E}.Debug|Any CPU.ActiveCfg = Debug|Any CPU
		{AD17FC81-59FC-4394-8DBA-B72365B3C20E}.Debug|Any CPU.Build.0 = Debug|Any CPU
		{AD17FC81-59FC-4394-8DBA-B72365B3C20E}.Release|Any CPU.ActiveCfg = Release|Any CPU
		{AD17FC81-59FC-4394-8DBA-B72365B3C20E}.Release|Any CPU.Build.0 = Release|Any CPU
	EndGlobalSection
	GlobalSection(SolutionProperties) = preSolution
		HideSolutionNode = FALSE
	EndGlobalSection
	GlobalSection(NestedProjects) = preSolution
		{44F2223C-2E98-4A1A-B171-05C6B3DCD7B7} = {2DF5C42B-9943-4577-85AC-6CFD37E02F8C}
		{F01CE865-50B9-42F5-BCE4-EE79E0EF07B2} = {CE2FF491-14E8-4350-BD3F-CD905A06B4CF}
		{24C9F315-4D0E-4794-9FFA-3B29C6A18944} = {2DF5C42B-9943-4577-85AC-6CFD37E02F8C}
		{7036814D-311A-412B-AB4C-62F3CEBED733} = {E737DB16-9FCA-400D-9BAC-79862E54852B}
		{D621CE3E-66DB-4B47-B5D7-6360A9916B3D} = {A57D2C85-4822-48B5-94CC-C24DD4E0CEC6}
		{EE0D35E8-4FB2-4B72-B762-600E082E2CAB} = {2DF5C42B-9943-4577-85AC-6CFD37E02F8C}
		{369F840B-56E9-47E4-A0E4-36B40A5AB779} = {2DF5C42B-9943-4577-85AC-6CFD37E02F8C}
		{EC56DD63-CBA5-4151-946A-7F5A426A3DE2} = {2DF5C42B-9943-4577-85AC-6CFD37E02F8C}
		{4EA4085A-DB4F-4473-B35A-4900C31E99C7} = {2DF5C42B-9943-4577-85AC-6CFD37E02F8C}
		{AD17FC81-59FC-4394-8DBA-B72365B3C20E} = {2DF5C42B-9943-4577-85AC-6CFD37E02F8C}
	EndGlobalSection
	GlobalSection(ExtensibilityGlobals) = postSolution
		SolutionGuid = {B24F5B4B-E5A0-4D42-AC37-0AD075EA9301}
	EndGlobalSection
EndGlobal
